{
  "bundle_digest": "sha256:6accee261db1b83ac572dd12eb61a27e5bfbe45e965f1eaafefe274a0ab305a5",
  "bundle_version": "1.1",
  "files": {
    "client-capabilities.schema.json": "sha256:6ebcb627dd3bded5ccc233a3fc3b42d100b4002e824a98dcc32912ecd6b59597",
    "creative-brief.schema.json": "sha256:ead2e44571b0165c871cac1097a7096810a4dc723caaa370ea7540dfb4543c0f",
    "decision-card-set.schema.json": "sha256:4895b73a92367737676fbdfdf627b117c9d62132df96db3d10d5891f981a1613",
    "error-envelope.schema.json": "sha256:c4fbc33253d25f0a7a488648a277a0db9d1bb00883617c5050d6af94d84081e3",
    "manifest-generation-out.schema.json": "sha256:6d93b77d2c4946cc944c9a3948f796e25856a205e6274eb6af11986fa45a7e33",
    "orchestration-plan.schema.json": "sha256:32b302d0f5d1a282dbc4dfffd73b879d873e71fb41288073c73db50fb693cbe7",
    "presenter-plan.schema.json": "sha256:48c733eebdaec6116dcb7919c96a47f69b44644665aa5296c3f63ffc047f0bc9",
    "production-manifest.schema.json": "sha256:3d6c780abae769cc2579bc3889ec0a5c0bd62247c855239a5ef6e1e532bf7ee0"
  },
  "generated_by": "lecturecast-server"
}
